// !$*UTF8*$!
{
	archiveVersion = 1;
	classes = {
	};
	objectVersion = 50;
	objects = {

/* Begin PBXBuildFile section */
		BEA5B3A123613F6800EE644E /* AppDelegate.swift in Sources */ = {isa = PBXBuildFile; fileRef = BEA5B3A023613F6800EE644E /* AppDelegate.swift */; };
		BEA5B3A323613F6800EE644E /* SceneDelegate.swift in Sources */ = {isa = PBXBuildFile; fileRef = BEA5B3A223613F6800EE644E /* SceneDelegate.swift */; };
		BEA5B3A523613F6800EE644E /* ContentView.swift in Sources */ = {isa = PBXBuildFile; fileRef = BEA5B3A423613F6800EE644E /* ContentView.swift */; };
		BEA5B3A723613F6900EE644E /* Assets.xcassets in Resources */ = {isa = PBXBuildFile; fileRef = BEA5B3A623613F6900EE644E /* Assets.xcassets */; };
		BEA5B3AA23613F6900EE644E /* Preview Assets.xcassets in Resources */ = {isa = PBXBuildFile; fileRef = BEA5B3A923613F6900EE644E /* Preview Assets.xcassets */; };
		BEA5B3AD23613F6900EE644E /* LaunchScreen.storyboard in Resources */ = {isa = PBXBuildFile; fileRef = BEA5B3AB23613F6900EE644E /* LaunchScreen.storyboard */; };
/* End PBXBuildFile section */

/* Begin PBXFileReference section */
		BEA5B39D23613F6800EE644E /* MovieDBSwiftUI.app */ = {isa = PBXFileReference; explicitFileType = wrapper.application; includeInIndex = 0; path = MovieDBSwiftUI.app; sourceTree = BUILT_PRODUCTS_DIR; };
		BEA5B3A023613F6800EE644E /* AppDelegate.swift */ = {isa = PBXFileReference; lastKnownFileType = sourcecode.swift; path = AppDelegate.swift; sourceTree = "<group>"; };
		BEA5B3A223613F6800EE644E /* SceneDelegate.swift */ = {isa = PBXFileReference; lastKnownFileType = sourcecode.swift; path = SceneDelegate.swift; sourceTree = "<group>"; };
		BEA5B3A423613F6800EE644E /* ContentView.swift */ = {isa = PBXFileReference; lastKnownFileType = sourcecode.swift; path = ContentView.swift; sourceTree = "<group>"; };
		BEA5B3A623613F6900EE644E /* Assets.xcassets */ = {isa = PBXFileReference; lastKnownFileType = folder.assetcatalog; path = Assets.xcassets; sourceTree = "<group>"; };
		BEA5B3A923613F6900EE644E /* Preview Assets.xcassets */ = {isa = PBXFileReference; lastKnownFileType = folder.assetcatalog; path = "Preview Assets.xcassets"; sourceTree = "<group>"; };
		BEA5B3AC23613F6900EE644E /* Base */ = {isa = PBXFileReference; lastKnownFileType = file.storyboard; name = Base; path = Base.lproj/LaunchScreen.storyboard; sourceTree = "<group>"; };
		BEA5B3AE23613F6900EE644E /* Info.plist */ = {isa = PBXFileReference; lastKnownFileType = text.plist.xml; path = Info.plist; sourceTree = "<group>"; };
/* End PBXFileReference section */

/* Begin PBXFrameworksBuildPhase section */
		BEA5B39A23613F6800EE644E /* Frameworks */ = {
			isa = PBXFrameworksBuildPhase;
			buildActionMask = 2147483647;
			files = (
			);
			runOnlyForDeploymentPostprocessing = 0;
		};
/* End PBXFrameworksBuildPhase section */

/* Begin PBXGroup section */
		BEA5B39423613F6800EE644E = {
			isa = PBXGroup;
			children = (
				BEA5B39F23613F6800EE644E /* MovieDBSwiftUI */,
				BEA5B39E23613F6800EE644E /* Products */,
			);
			sourceTree = "<group>";
		};
		BEA5B39E23613F6800EE644E /* Products */ = {
			isa = PBXGroup;
			children = (
				BEA5B39D23613F6800EE644E /* MovieDBSwiftUI.app */,
			);
			name = Products;
			sourceTree = "<group>";
		};
		BEA5B39F23613F6800EE644E /* MovieDBSwiftUI */ = {
			isa = PBXGroup;
			children = (
				BEA5B3A023613F6800EE644E /* AppDelegate.swift */,
				BEA5B3A223613F6800EE644E /* SceneDelegate.swift */,
				BEA5B3A423613F6800EE644E /* ContentView.swift */,
				BEA5B3A623613F6900EE644E /* Assets.xcassets */,
				BEA5B3AB23613F6900EE644E /* LaunchScreen.storyboard */,
				BEA5B3AE23613F6900EE644E /* Info.plist */,
				BEA5B3A823613F6900EE644E /* Preview Content */,
			);
			path = MovieDBSwiftUI;
			sourceTree = "<group>";
		};
		BEA5B3A823613F6900EE644E /* Preview Content */ = {
			isa = PBXGroup;
			children = (
				BEA5B3A923613F6900EE644E /* Preview Assets.xcassets */,
			);
			path = "Preview Content";
			sourceTree = "<group>";
		};
/* End PBXGroup section */

/* Begin PBXNativeTarget section */
		BEA5B39C23613F6800EE644E /* MovieDBSwiftUI */ = {
			isa = PBXNativeTarget;
			buildConfigurationList = BEA5B3B123613F6900EE644E /* Build configuration list for PBXNativeTarget "MovieDBSwiftUI" */;
			buildPhases = (
				BEA5B39923613F6800EE644E /* Sources */,
				BEA5B39A23613F6800EE644E /* Frameworks */,
				BEA5B39B23613F6800EE644E /* Resources */,
			);
			buildRules = (
			);
			dependencies = (
			);
			name = MovieDBSwiftUI;
			productName = MovieDBSwiftUI;
			productReference = BEA5B39D23613F6800EE644E /* MovieDBSwiftUI.app */;
			productType = "com.apple.product-type.application";
		};
/* End PBXNativeTarget section */

/* Begin PBXProject section */
		BEA5B39523613F6800EE644E /* Project object */ = {
			isa = PBXProject;
			attributes = {
				LastSwiftUpdateCheck = 1100;
				LastUpgradeCheck = 1100;
				ORGANIZATIONNAME = MGinelli;
				TargetAttributes = {
					BEA5B39C23613F6800EE644E = {
						CreatedOnToolsVersion = 11.0;
					};
				};
			};
			buildConfigurationList = BEA5B39823613F6800EE644E /* Build configuration list for PBXProject "MovieDBSwiftUI" */;
			compatibilityVersion = "Xcode 9.3";
			developmentRegion = en;
			hasScannedForEncodings = 0;
			knownRegions = (
				en,
				Base,
			);
			mainGroup = BEA5B39423613F6800EE644E;
			productRefGroup = BEA5B39E23613F6800EE644E /* Products */;
			projectDirPath = "";
			projectRoot = "";
			targets = (
				BEA5B39C23613F6800EE644E /* MovieDBSwiftUI */,
			);
		};
/* End PBXProject section */

/* Begin PBXResourcesBuildPhase section */
		BEA5B39B23613F6800EE644E /* Resources */ = {
			isa = PBXResourcesBuildPhase;
			buildActionMask = 2147483647;
			files = (
				BEA5B3AD23613F6900EE644E /* LaunchScreen.storyboard in Resources */,
				BEA5B3AA23613F6900EE644E /* Preview Assets.xcassets in Resources */,
				BEA5B3A723613F6900EE644E /* Assets.xcassets in Resources */,
			);
			runOnlyForDeploymentPostprocessing = 0;
		};
/* End PBXResourcesBuildPhase section */

/* Begin PBXSourcesBuildPhase section */
		BEA5B39923613F6800EE644E /* Sources */ = {
			isa = PBXSourcesBuildPhase;
			buildActionMask = 2147483647;
			files = (
				BEA5B3A123613F6800EE644E /* AppDelegate.swift in Sources */,
				BEA5B3A323613F6800EE644E /* SceneDelegate.swift in Sources */,
				BEA5B3A523613F6800EE644E /* ContentView.swift in Sources */,
			);
			runOnlyForDeploymentPostprocessing = 0;
		};
/* End PBXSourcesBuildPhase section */

/* Begin PBXVariantGroup section */
		BEA5B3AB23613F6900EE644E /* LaunchScreen.storyboard */ = {
			isa = PBXVariantGroup;
			children = (
				BEA5B3AC23613F6900EE644E /* Base */,
			);
			name = LaunchScreen.storyboard;
			sourceTree = "<group>";
		};
/* End PBXVariantGroup section */

/* Begin XCBuildConfiguration section */
		BEA5B3AF23613F6900EE644E /* Debug */ = {
			isa = XCBuildConfiguration;
			buildSettings = {
				ALWAYS_SEARCH_USER_PATHS = NO;
				CLANG_ANALYZER_NONNULL = YES;
				CLANG_ANALYZER_NUMBER_OBJECT_CONVERSION = YES_AGGRESSIVE;
				CLANG_CXX_LANGUAGE_STANDARD = "gnu++14";
				CLANG_CXX_LIBRARY = "libc++";
				CLANG_ENABLE_MODULES = YES;
				CLANG_ENABLE_OBJC_ARC = YES;
				CLANG_ENABLE_OBJC_WEAK = YES;
				CLANG_WARN_BLOCK_CAPTURE_AUTORELEASING = YES;
				CLANG_WARN_BOOL_CONVERSION = YES;
				CLANG_WARN_COMMA = YES;
				CLANG_WARN_CONSTANT_CONVERSION = YES;
				CLANG_WARN_DEPRECATED_OBJC_IMPLEMENTATIONS = YES;
				CLANG_WARN_DIRECT_OBJC_ISA_USAGE = YES_ERROR;
				CLANG_WARN_DOCUMENTATION_COMMENTS = YES;
				CLANG_WARN_EMPTY_BODY = YES;
				CLANG_WARN_ENUM_CONVERSION = YES;
				CLANG_WARN_INFINITE_RECURSION = YES;
				CLANG_WARN_INT_CONVERSION = YES;
				CLANG_WARN_NON_LITERAL_NULL_CONVERSION = YES;
				CLANG_WARN_OBJC_IMPLICIT_RETAIN_SELF = YES;
				CLANG_WARN_OBJC_LITERAL_CONVERSION = YES;
				CLANG_WARN_OBJC_ROOT_CLASS = YES_ERROR;
				CLANG_WARN_RANGE_LOOP_ANALYSIS = YES;
				CLANG_WARN_STRICT_PROTOTYPES = YES;
				CLANG_WARN_SUSPICIOUS_MOVE = YES;
				CLANG_WARN_UNGUARDED_AVAILABILITY = YES_AGGRESSIVE;
				CLANG_WARN_UNREACHABLE_CODE = YES;
				CLANG_WARN__DUPLICATE_METHOD_MATCH = YES;
				COPY_PHASE_STRIP = NO;
				DEBUG_INFORMATION_FORMAT = dwarf;
				ENABLE_STRICT_OBJC_MSGSEND = YES;
				ENABLE_TESTABILITY = YES;
				GCC_C_LANGUAGE_STANDARD = gnu11;
				GCC_DYNAMIC_NO_PIC = NO;
				GCC_NO_COMMON_BLOCKS = YES;
				GCC_OPTIMIZATION_LEVEL = 0;
				GCC_PREPROCESSOR_DEFINITIONS = (
					"DEBUG=1",
					"$(inherited)",
				);
				GCC_WARN_64_TO_32_BIT_CONVERSION = YES;
				GCC_WARN_ABOUT_RETURN_TYPE = YES_ERROR;
				GCC_WARN_UNDECLARED_SELECTOR = YES;
				GCC_WARN_UNINITIALIZED_AUTOS = YES_AGGRESSIVE;
				GCC_WARN_UNUSED_FUNCTION = YES;
				GCC_WARN_UNUSED_VARIABLE = YES;
				IPHONEOS_DEPLOYMENT_TARGET = 13.0;
				MTL_ENABLE_DEBUG_INFO = INCLUDE_SOURCE;
				MTL_FAST_MATH = YES;
				ONLY_ACTIVE_ARCH = YES;
				SDKROOT = iphoneos;
				SWIFT_ACTIVE_COMPILATION_CONDITIONS = DEBUG;
				SWIFT_OPTIMIZATION_LEVEL = "-Onone";
			};
			name = Debug;
		};
		BEA5B3B023613F6900EE644E /* Release */ = {
			isa = XCBuildConfiguration;
			buildSettings = {
				ALWAYS_SEARCH_USER_PATHS = NO;
				CLANG_ANALYZER_NONNULL = YES;
				CLANG_ANALYZER_NUMBER_OBJECT_CONVERSION = YES_AGGRESSIVE;
				CLANG_CXX_LANGUAGE_STANDARD = "gnu++14";
				CLANG_CXX_LIBRARY = "libc++";
				CLANG_ENABLE_MODULES = YES;
				CLANG_ENABLE_OBJC_ARC = YES;
				CLANG_ENABLE_OBJC_WEAK = YES;
				CLANG_WARN_BLOCK_CAPTURE_AUTORELEASING = YES;
				CLANG_WARN_BOOL_CONVERSION = YES;
				CLANG_WARN_COMMA = YES;
				CLANG_WARN_CONSTANT_CONVERSION = YES;
				CLANG_WARN_DEPRECATED_OBJC_IMPLEMENTATIONS = YES;
				CLANG_WARN_DIRECT_OBJC_ISA_USAGE = YES_ERROR;
				CLANG_WARN_DOCUMENTATION_COMMENTS = YES;
				CLANG_WARN_EMPTY_BODY = YES;
				CLANG_WARN_ENUM_CONVERSION = YES;
				CLANG_WARN_INFINITE_RECURSION = YES;
				CLANG_WARN_INT_CONVERSION = YES;
				CLANG_WARN_NON_LITERAL_NULL_CONVERSION = YES;
				CLANG_WARN_OBJC_IMPLICIT_RETAIN_SELF = YES;
				CLANG_WARN_OBJC_LITERAL_CONVERSION = YES;
				CLANG_WARN_OBJC_ROOT_CLASS = YES_ERROR;
				CLANG_WARN_RANGE_LOOP_ANALYSIS = YES;
				CLANG_WARN_STRICT_PROTOTYPES = YES;
				CLANG_WARN_SUSPICIOUS_MOVE = YES;
				CLANG_WARN_UNGUARDED_AVAILABILITY = YES_AGGRESSIVE;
				CLANG_WARN_UNREACHABLE_CODE = YES;
				CLANG_WARN__DUPLICATE_METHOD_MATCH = YES;
				COPY_PHASE_STRIP = NO;
				DEBUG_INFORMATION_FORMAT = "dwarf-with-dsym";
				ENABLE_NS_ASSERTIONS = NO;
				ENABLE_STRICT_OBJC_MSGSEND = YES;
				GCC_C_LANGUAGE_STANDARD = gnu11;
				GCC_NO_COMMON_BLOCKS = YES;
				GCC_WARN_64_TO_32_BIT_CONVERSION = YES;
				GCC_WARN_ABOUT_RETURN_TYPE = YES_ERROR;
				GCC_WARN_UNDECLARED_SELECTOR = YES;
				GCC_WARN_UNINITIALIZED_AUTOS = YES_AGGRESSIVE;
				GCC_WARN_UNUSED_FUNCTION = YES;
				GCC_WARN_UNUSED_VARIABLE = YES;
				IPHONEOS_DEPLOYMENT_TARGET = 13.0;
				MTL_ENABLE_DEBUG_INFO = NO;
				MTL_FAST_MATH = YES;
				SDKROOT = iphoneos;
				SWIFT_COMPILATION_MODE = wholemodule;
				SWIFT_OPTIMIZATION_LEVEL = "-O";
				VALIDATE_PRODUCT = YES;
			};
			name = Release;
		};
		BEA5B3B223613F6900EE644E /* Debug */ = {
			isa = XCBuildConfiguration;
			buildSettings = {
				ASSETCATALOG_COMPILER_APPICON_NAME = AppIcon;
				CODE_SIGN_STYLE = Automatic;
				DEVELOPMENT_ASSET_PATHS = "\"MovieDBSwiftUI/Preview Content\"";
				DEVELOPMENT_TEAM = 3DYJ8JD6Y6;
				ENABLE_PREVIEWS = YES;
				INFOPLIST_FILE = MovieDBSwiftUI/Info.plist;
				LD_RUNPATH_SEARCH_PATHS = (
					"$(inherited)",
					"@executable_path/Frameworks",
				);
				PRODUCT_BUNDLE_IDENTIFIER = com.mginelli.MovieDBSwiftUI;
				PRODUCT_NAME = "$(TARGET_NAME)";
				SWIFT_VERSION = 5.0;
				TARGETED_DEVICE_FAMILY = "1,2";
			};
			name = Debug;
		};
		BEA5B3B323613F6900EE644E /* Release */ = {
			isa = XCBuildConfiguration;
			buildSettings = {
				ASSETCATALOG_COMPILER_APPICON_NAME = AppIcon;
				CODE_SIGN_STYLE = Automatic;
				DEVELOPMENT_ASSET_PATHS = "\"MovieDBSwiftUI/Preview Content\"";
				DEVELOPMENT_TEAM = 3DYJ8JD6Y6;
				ENABLE_PREVIEWS = YES;
				INFOPLIST_FILE = MovieDBSwiftUI/Info.plist;
				LD_RUNPATH_SEARCH_PATHS = (
					"$(inherited)",
					"@executable_path/Frameworks",
				);
				PRODUCT_BUNDLE_IDENTIFIER = com.mginelli.MovieDBSwiftUI;
				PRODUCT_NAME = "$(TARGET_NAME)";
				SWIFT_VERSION = 5.0;
				TARGETED_DEVICE_FAMILY = "1,2";
			};
			name = Release;
		};
/* End XCBuildConfiguration section */

/* Begin XCConfigurationList section */
		BEA5B39823613F6800EE644E /* Build configuration list for PBXProject "MovieDBSwiftUI" */ = {
			isa = XCConfigurationList;
			buildConfigurations = (
				BEA5B3AF23613F6900EE644E /* Debug */,
				BEA5B3B023613F6900EE644E /* Release */,
			);
			defaultConfigurationIsVisible = 0;
			defaultConfigurationName = Release;
		};
		BEA5B3B123613F6900EE644E /* Build configuration list for PBXNativeTarget "MovieDBSwiftUI" */ = {
			isa = XCConfigurationList;
			buildConfigurations = (
				BEA5B3B223613F6900EE644E /* Debug */,
				BEA5B3B323613F6900EE644E /* Release */,
			);
			defaultConfigurationIsVisible = 0;
			defaultConfigurationName = Release;
		};
/* End XCConfigurationList section */
	};
	rootObject = BEA5B39523613F6800EE644E /* Project object */;
}
